<Solution>
    <Configurations>
        <BuildType Name="CI" />
        <BuildType Name="Beta" />
        <BuildType Name="Debug" />
        <BuildType Name="Release" />
        <Platform Name="AnyCPU" />
        <Platform Name="ARM64" />
        <Platform Name="x64" />
    </Configurations>
    <Project Path="PCL.Core.csproj" Type="Classic C#" />
    <Project Path="SourceGenerators\PCL.Core.SourceGenerators.csproj" Type="Classic C#" />
</Solution>